
Microsoft Visual Studio Solution File, Format Version 12.00
# Visual Studio Version 17
VisualStudioVersion = 17.14.36301.6 d17.14
MinimumVisualStudioVersion = 10.0.40219.1
Project("{FAE04EC0-301F-11D3-BF4B-00C04F79EFBC}") = "Calculadora-de-Funcionario", "Calculadora-de-Funcionario\Calculadora-de-Funcionario.csproj", "{7FF9ED50-DE0A-4DF2-8E56-84C5DD2411FE}"
EndProject
Global
	GlobalSection(SolutionConfigurationPlatforms) = preSolution
		Debug|Any CPU = Debug|Any CPU
		Release|Any CPU = Release|Any CPU
	EndGlobalSection
	GlobalSection(ProjectConfigurationPlatforms) = postSolution
		{7FF9ED50-DE0A-4DF2-8E56-84C5DD2411FE}.Debug|Any CPU.ActiveCfg = Debug|Any CPU
		{7FF9ED50-DE0A-4DF2-8E56-84C5DD2411FE}.Debug|Any CPU.Build.0 = Debug|Any CPU
		{7FF9ED50-DE0A-4DF2-8E56-84C5DD2411FE}.Release|Any CPU.ActiveCfg = Release|Any CPU
		{7FF9ED50-DE0A-4DF2-8E56-84C5DD2411FE}.Release|Any CPU.Build.0 = Release|Any CPU
	EndGlobalSection
	GlobalSection(SolutionProperties) = preSolution
		HideSolutionNode = FALSE
	EndGlobalSection
	GlobalSection(ExtensibilityGlobals) = postSolution
		SolutionGuid = {794BC882-D11A-42C5-B3B2-545B874DD6DE}
	EndGlobalSection
EndGlobal
